%{"bear": {:hex, :bear, "0.8.5", "e95fca1627cd9e15baf93ce0a52aff16917baf325f0ee65b88cd715376cd2344", [:rebar3], [], "hexpm"},
  "dialyxir": {:hex, :dialyxir, "0.5.1", "b331b091720fd93e878137add264bac4f644e1ddae07a70bf7062c7862c4b952", [:mix], [], "hexpm"},
  "earmark": {:hex, :earmark, "1.2.4", "99b637c62a4d65a20a9fb674b8cffb8baa771c04605a80c911c4418c69b75439", [:mix], [], "hexpm"},
  "ex_doc": {:hex, :ex_doc, "0.18.1", "37c69d2ef62f24928c1f4fdc7c724ea04aecfdf500c4329185f8e3649c915baf", [:mix], [{:earmark, "~> 1.1", [hex: :earmark, repo: "hexpm", optional: false]}], "hexpm"},
  "exometer_core": {:hex, :exometer_core, "1.5.2", "62a99a361ba8a14d53857d4c716a191e810299d2f43c5c981eb7b086c0bfcce1", [:rebar3], [{:folsom, "~>0.8.5", [hex: :folsom, repo: "hexpm", optional: false]}, {:hut, "~>1.2.0", [hex: :hut, repo: "hexpm", optional: false]}, {:lager, "~>3.5.0", [hex: :lager, repo: "hexpm", optional: false]}, {:parse_trans, "~>3.0.0", [hex: :parse_trans, repo: "hexpm", optional: false]}, {:setup, "~>1.8.2", [hex: :setup, repo: "hexpm", optional: false]}], "hexpm"},
  "folsom": {:hex, :folsom, "0.8.5", "94a027b56fe84feed264f9b33cb4c6ac9a801fad84b87dbda0836ce83c3b8d69", [:rebar3], [{:bear, "0.8.5", [hex: :bear, repo: "hexpm", optional: false]}], "hexpm"},
  "goldrush": {:hex, :goldrush, "0.1.9", "f06e5d5f1277da5c413e84d5a2924174182fb108dabb39d5ec548b27424cd106", [:rebar3], [], "hexpm"},
  "hut": {:hex, :hut, "1.2.0", "0089df0faa2827c605bbada88153f24fff5ea7a4be32ecf0250a7fdc2719cafb", [:"erlang.mk", :rebar, :rebar3], [], "hexpm"},
  "lager": {:hex, :lager, "3.5.2", "614a8c8f67bf99b69eb264ea22121ad25511c055aaec09b086773d5108c6767f", [:rebar3], [{:goldrush, "0.1.9", [hex: :goldrush, repo: "hexpm", optional: false]}], "hexpm"},
  "meck": {:git, "https://github.com/eproxus/meck", "70d6a33ce7407029dc59e22a5b3c1c61c1348b23", [tag: "0.8.4"]},
  "parse_trans": {:hex, :parse_trans, "3.0.0", "9e96b1c9c3a0df54e7b76f8f685d38bfa1eb21b31e042b1d1a5a70258e4db1e3", [:rebar3], [], "hexpm"},
  "setup": {:git, "https://github.com/uwiger/setup.git", "eda3352e7555b9faf42b5242d95fc386bccbe123", []}}
